Microsoft Visual Studio Solution File, Format Version 12.00
# Visual Studio 15
VisualStudioVersion = 15.0.27130.2026
MinimumVisualStudioVersion = 15.0.26124.0
Project("{9A19103F-16F7-4668-BE54-9A1E7A4F7556}") = "Morabaraba-9001", "Morabaraba-9001\Morabaraba-9001.csproj", "{5A64A946-9C7E-4539-88AC-508BFF5542AF}"
EndProject
Project("{9A19103F-16F7-4668-BE54-9A1E7A4F7556}") = "Morabaraba-9001.Test", "Morabaraba-9001.Test\Morabaraba-9001.Test.csproj", "{BFC00C12-492B-4D46-B5F2-ECE65F4F41AF}"
EndProject
Global
	GlobalSection(SolutionConfigurationPlatforms) = preSolution
		Debug|Any CPU = Debug|Any CPU
		Debug|x64 = Debug|x64
		Debug|x86 = Debug|x86
		Release|Any CPU = Release|Any CPU
		Release|x64 = Release|x64
		Release|x86 = Release|x86
	EndGlobalSection
	GlobalSection(ProjectConfigurationPlatforms) = postSolution
		{5A64A946-9C7E-4539-88AC-508BFF5542AF}.Debug|Any CPU.ActiveCfg = Debug|Any CPU
		{5A64A946-9C7E-4539-88AC-508BFF5542AF}.Debug|Any CPU.Build.0 = Debug|Any CPU
		{5A64A946-9C7E-4539-88AC-508BFF5542AF}.Debug|x64.ActiveCfg = Debug|Any CPU
		{5A64A946-9C7E-4539-88AC-508BFF5542AF}.Debug|x64.Build.0 = Debug|Any CPU
		{5A64A946-9C7E-4539-88AC-508BFF5542AF}.Debug|x86.ActiveCfg = Debug|Any CPU
		{5A64A946-9C7E-4539-88AC-508BFF5542AF}.Debug|x86.Build.0 = Debug|Any CPU
		{5A64A946-9C7E-4539-88AC-508BFF5542AF}.Release|Any CPU.ActiveCfg = Release|Any CPU
		{5A64A946-9C7E-4539-88AC-508BFF5542AF}.Release|Any CPU.Build.0 = Release|Any CPU
		{5A64A946-9C7E-4539-88AC-508BFF5542AF}.Release|x64.ActiveCfg = Release|Any CPU
		{5A64A946-9C7E-4539-88AC-508BFF5542AF}.Release|x64.Build.0 = Release|Any CPU
		{5A64A946-9C7E-4539-88AC-508BFF5542AF}.Release|x86.ActiveCfg = Release|Any CPU
		{5A64A946-9C7E-4539-88AC-508BFF5542AF}.Release|x86.Build.0 = Release|Any CPU
		{BFC00C12-492B-4D46-B5F2-ECE65F4F41AF}.Debug|Any CPU.ActiveCfg = Debug|Any CPU
		{BFC00C12-492B-4D46-B5F2-ECE65F4F41AF}.Debug|Any CPU.Build.0 = Debug|Any CPU
		{BFC00C12-492B-4D46-B5F2-ECE65F4F41AF}.Debug|x64.ActiveCfg = Debug|Any CPU
		{BFC00C12-492B-4D46-B5F2-ECE65F4F41AF}.Debug|x64.Build.0 = Debug|Any CPU
		{BFC00C12-492B-4D46-B5F2-ECE65F4F41AF}.Debug|x86.ActiveCfg = Debug|Any CPU
		{BFC00C12-492B-4D46-B5F2-ECE65F4F41AF}.Debug|x86.Build.0 = Debug|Any CPU
		{BFC00C12-492B-4D46-B5F2-ECE65F4F41AF}.Release|Any CPU.ActiveCfg = Release|Any CPU
		{BFC00C12-492B-4D46-B5F2-ECE65F4F41AF}.Release|Any CPU.Build.0 = Release|Any CPU
		{BFC00C12-492B-4D46-B5F2-ECE65F4F41AF}.Release|x64.ActiveCfg = Release|Any CPU
		{BFC00C12-492B-4D46-B5F2-ECE65F4F41AF}.Release|x64.Build.0 = Release|Any CPU
		{BFC00C12-492B-4D46-B5F2-ECE65F4F41AF}.Release|x86.ActiveCfg = Release|Any CPU
		{BFC00C12-492B-4D46-B5F2-ECE65F4F41AF}.Release|x86.Build.0 = Release|Any CPU
	EndGlobalSection
	GlobalSection(SolutionProperties) = preSolution
		HideSolutionNode = FALSE
	EndGlobalSection
	GlobalSection(ExtensibilityGlobals) = postSolution
		SolutionGuid = {20F407F4-1CE8-4B43-89B3-4C045CADA5B1}
	EndGlobalSection
EndGlobal
